
Microsoft Visual Studio Solution File, Format Version 12.00
# Visual Studio Version 16
VisualStudioVersion = 16.0.30114.105
MinimumVisualStudioVersion = 10.0.40219.1
Project("{FAE04EC0-301F-11D3-BF4B-00C04F79EFBC}") = "API", "API\API.csproj", "{D6FAB204-3E9B-46FE-9487-7ED5604DD71D}"
EndProject
Project("{FAE04EC0-301F-11D3-BF4B-00C04F79EFBC}") = "Core", "Core\Core.csproj", "{44FF17B0-5FBC-499B-9FC2-FE4334BB7290}"
EndProject
Project("{FAE04EC0-301F-11D3-BF4B-00C04F79EFBC}") = "Infrastructure", "Infrastructure\Infrastructure.csproj", "{73647B49-2E87-4F56-B5F4-0BAC1A77980D}"
EndProject
Global
	GlobalSection(SolutionConfigurationPlatforms) = preSolution
		Debug|Any CPU = Debug|Any CPU
		Release|Any CPU = Release|Any CPU
	EndGlobalSection
	GlobalSection(SolutionProperties) = preSolution
		HideSolutionNode = FALSE
	EndGlobalSection
	GlobalSection(ProjectConfigurationPlatforms) = postSolution
		{D6FAB204-3E9B-46FE-9487-7ED5604DD71D}.Debug|Any CPU.ActiveCfg = Debug|Any CPU
		{D6FAB204-3E9B-46FE-9487-7ED5604DD71D}.Debug|Any CPU.Build.0 = Debug|Any CPU
		{D6FAB204-3E9B-46FE-9487-7ED5604DD71D}.Release|Any CPU.ActiveCfg = Release|Any CPU
		{D6FAB204-3E9B-46FE-9487-7ED5604DD71D}.Release|Any CPU.Build.0 = Release|Any CPU
		{44FF17B0-5FBC-499B-9FC2-FE4334BB7290}.Debug|Any CPU.ActiveCfg = Debug|Any CPU
		{44FF17B0-5FBC-499B-9FC2-FE4334BB7290}.Debug|Any CPU.Build.0 = Debug|Any CPU
		{44FF17B0-5FBC-499B-9FC2-FE4334BB7290}.Release|Any CPU.ActiveCfg = Release|Any CPU
		{44FF17B0-5FBC-499B-9FC2-FE4334BB7290}.Release|Any CPU.Build.0 = Release|Any CPU
		{73647B49-2E87-4F56-B5F4-0BAC1A77980D}.Debug|Any CPU.ActiveCfg = Debug|Any CPU
		{73647B49-2E87-4F56-B5F4-0BAC1A77980D}.Debug|Any CPU.Build.0 = Debug|Any CPU
		{73647B49-2E87-4F56-B5F4-0BAC1A77980D}.Release|Any CPU.ActiveCfg = Release|Any CPU
		{73647B49-2E87-4F56-B5F4-0BAC1A77980D}.Release|Any CPU.Build.0 = Release|Any CPU
	EndGlobalSection
EndGlobal
